
Microsoft Visual Studio Solution File, Format Version 12.00
# Visual Studio Version 17
VisualStudioVersion = 17.4.33213.308
MinimumVisualStudioVersion = 10.0.40219.1
Project("{9A19103F-16F7-4668-BE54-9A1E7A4F7556}") = "TmsCourse", "TmsCourse\TmsCourse.csproj", "{E680D232-4E2D-4AD8-9DEB-0295664121B9}"
EndProject
Project("{9A19103F-16F7-4668-BE54-9A1E7A4F7556}") = "Calculator", "Calculator\Calculator.csproj", "{3AF02DBD-88B7-4D7B-8DB1-5D0B7BB12C87}"
EndProject
Project("{FAE04EC0-301F-11D3-BF4B-00C04F79EFBC}") = "Matrix", "Matrix\Matrix.csproj", "{BFDB6E85-FAB9-47BE-8770-8FC7D89E095F}"
EndProject
Global
	GlobalSection(SolutionConfigurationPlatforms) = preSolution
		Debug|Any CPU = Debug|Any CPU
		Release|Any CPU = Release|Any CPU
	EndGlobalSection
	GlobalSection(ProjectConfigurationPlatforms) = postSolution
		{E680D232-4E2D-4AD8-9DEB-0295664121B9}.Debug|Any CPU.ActiveCfg = Debug|Any CPU
		{E680D232-4E2D-4AD8-9DEB-0295664121B9}.Debug|Any CPU.Build.0 = Debug|Any CPU
		{E680D232-4E2D-4AD8-9DEB-0295664121B9}.Release|Any CPU.ActiveCfg = Release|Any CPU
		{E680D232-4E2D-4AD8-9DEB-0295664121B9}.Release|Any CPU.Build.0 = Release|Any CPU
		{3AF02DBD-88B7-4D7B-8DB1-5D0B7BB12C87}.Debug|Any CPU.ActiveCfg = Debug|Any CPU
		{3AF02DBD-88B7-4D7B-8DB1-5D0B7BB12C87}.Debug|Any CPU.Build.0 = Debug|Any CPU
		{3AF02DBD-88B7-4D7B-8DB1-5D0B7BB12C87}.Release|Any CPU.ActiveCfg = Release|Any CPU
		{3AF02DBD-88B7-4D7B-8DB1-5D0B7BB12C87}.Release|Any CPU.Build.0 = Release|Any CPU
		{BFDB6E85-FAB9-47BE-8770-8FC7D89E095F}.Debug|Any CPU.ActiveCfg = Debug|Any CPU
		{BFDB6E85-FAB9-47BE-8770-8FC7D89E095F}.Debug|Any CPU.Build.0 = Debug|Any CPU
		{BFDB6E85-FAB9-47BE-8770-8FC7D89E095F}.Release|Any CPU.ActiveCfg = Release|Any CPU
		{BFDB6E85-FAB9-47BE-8770-8FC7D89E095F}.Release|Any CPU.Build.0 = Release|Any CPU
	EndGlobalSection
	GlobalSection(SolutionProperties) = preSolution
		HideSolutionNode = FALSE
	EndGlobalSection
	GlobalSection(ExtensibilityGlobals) = postSolution
		SolutionGuid = {07156942-867E-421D-8128-EF3333666D05}
	EndGlobalSection
EndGlobal
